
Microsoft Visual Studio Solution File, Format Version 10.00
# Visual Studio 2008
Project("{FAE04EC0-301F-11D3-BF4B-00C04F79EFBC}") = "NanoTimeTracker", "NanoTimeTracker\NanoTimeTracker.csproj", "{DB341BC0-B33E-4098-88A1-73CAD272DF79}"
EndProject
Global
	GlobalSection(SolutionConfigurationPlatforms) = preSolution
		Debug|Any CPU = Debug|Any CPU
		Release|Any CPU = Release|Any CPU
	EndGlobalSection
	GlobalSection(ProjectConfigurationPlatforms) = postSolution
		{DB341BC0-B33E-4098-88A1-73CAD272DF79}.Debug|Any CPU.ActiveCfg = Debug|Any CPU
		{DB341BC0-B33E-4098-88A1-73CAD272DF79}.Debug|Any CPU.Build.0 = Debug|Any CPU
		{DB341BC0-B33E-4098-88A1-73CAD272DF79}.Release|Any CPU.ActiveCfg = Release|Any CPU
		{DB341BC0-B33E-4098-88A1-73CAD272DF79}.Release|Any CPU.Build.0 = Release|Any CPU
	EndGlobalSection
	GlobalSection(SolutionProperties) = preSolution
		HideSolutionNode = FALSE
	EndGlobalSection
EndGlobal
